
Microsoft Visual Studio Solution File, Format Version 12.00
# Visual Studio 14
VisualStudioVersion = 14.0.25420.1
MinimumVisualStudioVersion = 10.0.40219.1
Project("{FAE04EC0-301F-11D3-BF4B-00C04F79EFBC}") = "MySales", "MySales\MySales.csproj", "{183ECBDF-F867-4AA2-B66F-871B014E703C}"
EndProject
Project("{FAE04EC0-301F-11D3-BF4B-00C04F79EFBC}") = "MySales.BL", "MySales.BL\MySales.BL.csproj", "{3887756E-140C-460A-894A-FF4AD3910A10}"
EndProject
Project("{FAE04EC0-301F-11D3-BF4B-00C04F79EFBC}") = "MySales.DL", "MySales.DL\MySales.DL.csproj", "{6F9E2D3B-9811-429A-AC8E-F38F12239923}"
EndProject
Project("{FAE04EC0-301F-11D3-BF4B-00C04F79EFBC}") = "MySales.BO", "MySales.BO\MySales.BO.csproj", "{22E52C9C-AB0A-407D-B69B-89D801C65124}"
EndProject
Project("{FAE04EC0-301F-11D3-BF4B-00C04F79EFBC}") = "MySales.Utils", "MySales.Utils\MySales.Utils.csproj", "{868D9062-DA17-4F3C-88C4-9DE9A3AB1EC1}"
EndProject
Global
	GlobalSection(SolutionConfigurationPlatforms) = preSolution
		Debug|Any CPU = Debug|Any CPU
		Debug|Mixed Platforms = Debug|Mixed Platforms
		Debug|x86 = Debug|x86
		Release|Any CPU = Release|Any CPU
		Release|Mixed Platforms = Release|Mixed Platforms
		Release|x86 = Release|x86
	EndGlobalSection
	GlobalSection(ProjectConfigurationPlatforms) = postSolution
		{183ECBDF-F867-4AA2-B66F-871B014E703C}.Debug|Any CPU.ActiveCfg = Debug|Any CPU
		{183ECBDF-F867-4AA2-B66F-871B014E703C}.Debug|Any CPU.Build.0 = Debug|Any CPU
		{183ECBDF-F867-4AA2-B66F-871B014E703C}.Debug|Mixed Platforms.ActiveCfg = Debug|x86
		{183ECBDF-F867-4AA2-B66F-871B014E703C}.Debug|Mixed Platforms.Build.0 = Debug|x86
		{183ECBDF-F867-4AA2-B66F-871B014E703C}.Debug|x86.ActiveCfg = Debug|x86
		{183ECBDF-F867-4AA2-B66F-871B014E703C}.Debug|x86.Build.0 = Debug|x86
		{183ECBDF-F867-4AA2-B66F-871B014E703C}.Release|Any CPU.ActiveCfg = Release|Any CPU
		{183ECBDF-F867-4AA2-B66F-871B014E703C}.Release|Any CPU.Build.0 = Release|Any CPU
		{183ECBDF-F867-4AA2-B66F-871B014E703C}.Release|Mixed Platforms.ActiveCfg = Release|x86
		{183ECBDF-F867-4AA2-B66F-871B014E703C}.Release|Mixed Platforms.Build.0 = Release|x86
		{183ECBDF-F867-4AA2-B66F-871B014E703C}.Release|x86.ActiveCfg = Release|x86
		{183ECBDF-F867-4AA2-B66F-871B014E703C}.Release|x86.Build.0 = Release|x86
		{3887756E-140C-460A-894A-FF4AD3910A10}.Debug|Any CPU.ActiveCfg = Debug|Any CPU
		{3887756E-140C-460A-894A-FF4AD3910A10}.Debug|Any CPU.Build.0 = Debug|Any CPU
		{3887756E-140C-460A-894A-FF4AD3910A10}.Debug|Mixed Platforms.ActiveCfg = Debug|x86
		{3887756E-140C-460A-894A-FF4AD3910A10}.Debug|Mixed Platforms.Build.0 = Debug|x86
		{3887756E-140C-460A-894A-FF4AD3910A10}.Debug|x86.ActiveCfg = Debug|x86
		{3887756E-140C-460A-894A-FF4AD3910A10}.Debug|x86.Build.0 = Debug|x86
		{3887756E-140C-460A-894A-FF4AD3910A10}.Release|Any CPU.ActiveCfg = Release|Any CPU
		{3887756E-140C-460A-894A-FF4AD3910A10}.Release|Any CPU.Build.0 = Release|Any CPU
		{3887756E-140C-460A-894A-FF4AD3910A10}.Release|Mixed Platforms.ActiveCfg = Release|x86
		{3887756E-140C-460A-894A-FF4AD3910A10}.Release|Mixed Platforms.Build.0 = Release|x86
		{3887756E-140C-460A-894A-FF4AD3910A10}.Release|x86.ActiveCfg = Release|x86
		{3887756E-140C-460A-894A-FF4AD3910A10}.Release|x86.Build.0 = Release|x86
		{6F9E2D3B-9811-429A-AC8E-F38F12239923}.Debug|Any CPU.ActiveCfg = Debug|Any CPU
		{6F9E2D3B-9811-429A-AC8E-F38F12239923}.Debug|Any CPU.Build.0 = Debug|Any CPU
		{6F9E2D3B-9811-429A-AC8E-F38F12239923}.Debug|Mixed Platforms.ActiveCfg = Debug|x86
		{6F9E2D3B-9811-429A-AC8E-F38F12239923}.Debug|Mixed Platforms.Build.0 = Debug|x86
		{6F9E2D3B-9811-429A-AC8E-F38F12239923}.Debug|x86.ActiveCfg = Debug|x86
		{6F9E2D3B-9811-429A-AC8E-F38F12239923}.Debug|x86.Build.0 = Debug|x86
		{6F9E2D3B-9811-429A-AC8E-F38F12239923}.Release|Any CPU.ActiveCfg = Release|Any CPU
		{6F9E2D3B-9811-429A-AC8E-F38F12239923}.Release|Any CPU.Build.0 = Release|Any CPU
		{6F9E2D3B-9811-429A-AC8E-F38F12239923}.Release|Mixed Platforms.ActiveCfg = Release|x86
		{6F9E2D3B-9811-429A-AC8E-F38F12239923}.Release|Mixed Platforms.Build.0 = Release|x86
		{6F9E2D3B-9811-429A-AC8E-F38F12239923}.Release|x86.ActiveCfg = Release|x86
		{6F9E2D3B-9811-429A-AC8E-F38F12239923}.Release|x86.Build.0 = Release|x86
		{22E52C9C-AB0A-407D-B69B-89D801C65124}.Debug|Any CPU.ActiveCfg = Debug|Any CPU
		{22E52C9C-AB0A-407D-B69B-89D801C65124}.Debug|Any CPU.Build.0 = Debug|Any CPU
		{22E52C9C-AB0A-407D-B69B-89D801C65124}.Debug|Mixed Platforms.ActiveCfg = Debug|x86
		{22E52C9C-AB0A-407D-B69B-89D801C65124}.Debug|Mixed Platforms.Build.0 = Debug|x86
		{22E52C9C-AB0A-407D-B69B-89D801C65124}.Debug|x86.ActiveCfg = Debug|x86
		{22E52C9C-AB0A-407D-B69B-89D801C65124}.Debug|x86.Build.0 = Debug|x86
		{22E52C9C-AB0A-407D-B69B-89D801C65124}.Release|Any CPU.ActiveCfg = Release|Any CPU
		{22E52C9C-AB0A-407D-B69B-89D801C65124}.Release|Any CPU.Build.0 = Release|Any CPU
		{22E52C9C-AB0A-407D-B69B-89D801C65124}.Release|Mixed Platforms.ActiveCfg = Release|x86
		{22E52C9C-AB0A-407D-B69B-89D801C65124}.Release|Mixed Platforms.Build.0 = Release|x86
		{22E52C9C-AB0A-407D-B69B-89D801C65124}.Release|x86.ActiveCfg = Release|x86
		{22E52C9C-AB0A-407D-B69B-89D801C65124}.Release|x86.Build.0 = Release|x86
		{868D9062-DA17-4F3C-88C4-9DE9A3AB1EC1}.Debug|Any CPU.ActiveCfg = Debug|Any CPU
		{868D9062-DA17-4F3C-88C4-9DE9A3AB1EC1}.Debug|Any CPU.Build.0 = Debug|Any CPU
		{868D9062-DA17-4F3C-88C4-9DE9A3AB1EC1}.Debug|Mixed Platforms.ActiveCfg = Debug|Any CPU
		{868D9062-DA17-4F3C-88C4-9DE9A3AB1EC1}.Debug|Mixed Platforms.Build.0 = Debug|Any CPU
		{868D9062-DA17-4F3C-88C4-9DE9A3AB1EC1}.Debug|x86.ActiveCfg = Debug|Any CPU
		{868D9062-DA17-4F3C-88C4-9DE9A3AB1EC1}.Release|Any CPU.ActiveCfg = Release|Any CPU
		{868D9062-DA17-4F3C-88C4-9DE9A3AB1EC1}.Release|Any CPU.Build.0 = Release|Any CPU
		{868D9062-DA17-4F3C-88C4-9DE9A3AB1EC1}.Release|Mixed Platforms.ActiveCfg = Release|Any CPU
		{868D9062-DA17-4F3C-88C4-9DE9A3AB1EC1}.Release|Mixed Platforms.Build.0 = Release|Any CPU
		{868D9062-DA17-4F3C-88C4-9DE9A3AB1EC1}.Release|x86.ActiveCfg = Release|Any CPU
	EndGlobalSection
	GlobalSection(SolutionProperties) = preSolution
		HideSolutionNode = FALSE
	EndGlobalSection
EndGlobal
